{
  "name": "terabot-paysvc",
  "version": "1.0.0",
  "lockfileVersion": 3,
  "requires": true,
  "packages": {
    "": {
      "name": "terabot-paysvc",
      "version": "1.0.0",
      "dependencies": {
        "upi-fampay-gateway": "github:mth25059-commits/upi-fampay-gateway#main"
      },
      "engines": {
        "node": ">=18"
      }
    },
    "node_modules/upi-fampay-gateway": {
      "version": "1.0.0",
      "resolved": "git+ssh://git@github.com/mth25059-commits/upi-fampay-gateway.git#d169484cc0b6e9989ee5f16e51cde72607e7fd07",
      "license": "MIT",
      "engines": {
        "node": ">=18"
      }
    }
  }
}
